
Microsoft Visual Studio Solution File, Format Version 12.00
# Visual Studio Version 17
VisualStudioVersion = 17.14.36603.0
MinimumVisualStudioVersion = 10.0.40219.1
Project("{FAE04EC0-301F-11D3-BF4B-00C04F79EFBC}") = "ChatService", "wcf_chat\ChatService.csproj", "{B7473606-051D-45CA-B6C9-EE5866085782}"
EndProject
Project("{FAE04EC0-301F-11D3-BF4B-00C04F79EFBC}") = "ChatHost", "ChatHost\ChatHost.csproj", "{342B3B29-FA68-423C-AC4C-59DD1A1E47BE}"
EndProject
Project("{FAE04EC0-301F-11D3-BF4B-00C04F79EFBC}") = "ChatClient", "ChatClient\ChatClient.csproj", "{BA9C63B1-8A92-47B1-BEB0-BD96682A56D2}"
EndProject
Global
	GlobalSection(SolutionConfigurationPlatforms) = preSolution
		Debug|Any CPU = Debug|Any CPU
		Release|Any CPU = Release|Any CPU
	EndGlobalSection
	GlobalSection(ProjectConfigurationPlatforms) = postSolution
		{B7473606-051D-45CA-B6C9-EE5866085782}.Debug|Any CPU.ActiveCfg = Debug|Any CPU
		{B7473606-051D-45CA-B6C9-EE5866085782}.Debug|Any CPU.Build.0 = Debug|Any CPU
		{B7473606-051D-45CA-B6C9-EE5866085782}.Release|Any CPU.ActiveCfg = Release|Any CPU
		{B7473606-051D-45CA-B6C9-EE5866085782}.Release|Any CPU.Build.0 = Release|Any CPU
		{342B3B29-FA68-423C-AC4C-59DD1A1E47BE}.Debug|Any CPU.ActiveCfg = Debug|Any CPU
		{342B3B29-FA68-423C-AC4C-59DD1A1E47BE}.Debug|Any CPU.Build.0 = Debug|Any CPU
		{342B3B29-FA68-423C-AC4C-59DD1A1E47BE}.Release|Any CPU.ActiveCfg = Release|Any CPU
		{342B3B29-FA68-423C-AC4C-59DD1A1E47BE}.Release|Any CPU.Build.0 = Release|Any CPU
		{BA9C63B1-8A92-47B1-BEB0-BD96682A56D2}.Debug|Any CPU.ActiveCfg = Debug|Any CPU
		{BA9C63B1-8A92-47B1-BEB0-BD96682A56D2}.Debug|Any CPU.Build.0 = Debug|Any CPU
		{BA9C63B1-8A92-47B1-BEB0-BD96682A56D2}.Release|Any CPU.ActiveCfg = Release|Any CPU
		{BA9C63B1-8A92-47B1-BEB0-BD96682A56D2}.Release|Any CPU.Build.0 = Release|Any CPU
	EndGlobalSection
	GlobalSection(SolutionProperties) = preSolution
		HideSolutionNode = FALSE
	EndGlobalSection
	GlobalSection(ExtensibilityGlobals) = postSolution
		SolutionGuid = {33D05FAD-2B93-4E1A-A080-9BF6FC580175}
	EndGlobalSection
EndGlobal
